
Microsoft Visual Studio Solution File, Format Version 12.00
# Visual Studio 15
VisualStudioVersion = 15.0.28010.2050
MinimumVisualStudioVersion = 10.0.40219.1
Project("{FAE04EC0-301F-11D3-BF4B-00C04F79EFBC}") = "ConsoleApp4", "ConsoleApp4\ConsoleApp4.csproj", "{CAA02A41-1F6D-47DC-94EB-CBFCD5705ECC}"
EndProject
Global
	GlobalSection(SolutionConfigurationPlatforms) = preSolution
		Debug|Any CPU = Debug|Any CPU
		Release|Any CPU = Release|Any CPU
	EndGlobalSection
	GlobalSection(ProjectConfigurationPlatforms) = postSolution
		{CAA02A41-1F6D-47DC-94EB-CBFCD5705ECC}.Debug|Any CPU.ActiveCfg = Debug|Any CPU
		{CAA02A41-1F6D-47DC-94EB-CBFCD5705ECC}.Debug|Any CPU.Build.0 = Debug|Any CPU
		{CAA02A41-1F6D-47DC-94EB-CBFCD5705ECC}.Release|Any CPU.ActiveCfg = Release|Any CPU
		{CAA02A41-1F6D-47DC-94EB-CBFCD5705ECC}.Release|Any CPU.Build.0 = Release|Any CPU
	EndGlobalSection
	GlobalSection(SolutionProperties) = preSolution
		HideSolutionNode = FALSE
	EndGlobalSection
	GlobalSection(ExtensibilityGlobals) = postSolution
		SolutionGuid = {9CC00860-6588-49BD-A547-E2D4C028F9E7}
	EndGlobalSection
EndGlobal
